{
  "name": "testing_svg",
  "version": "1.0.0",
  "lockfileVersion": 2,
  "requires": true,
  "packages": {
    "": {
      "name": "testing_svg",
      "version": "1.0.0",
      "license": "ISC",
      "dependencies": {
        "dom-react": "^2.2.1",
        "prettierr": "^1.15.3-dev",
        "react": "^18.2.0"
      }
    },
    "node_modules/dom-react": {
      "version": "2.2.1",
      "resolved": "https://registry.npmjs.org/dom-react/-/dom-react-2.2.1.tgz",
      "integrity": "sha512-kqvoG+Q5oiJMQzQi245ZVA/X2Py2lBCebGcQzQeR51jOJqVghWBodKoJcitX8VRV+e6ku+9hRS+Bev/zmlSPsg=="
    },
    "node_modules/js-tokens": {
      "version": "4.0.0",
      "resolved": "https://registry.npmjs.org/js-tokens/-/js-tokens-4.0.0.tgz",
      "integrity": "sha512-RdJUflcE3cUzKiMqQgsCu06FPu9UdIJO0beYbPhHN4k6apgJtifcoCtT9bcxOpYBtpD2kCM6Sbzg4CausW/PKQ=="
    },
    "node_modules/loose-envify": {
      "version": "1.4.0",
      "resolved": "https://registry.npmjs.org/loose-envify/-/loose-envify-1.4.0.tgz",
      "integrity": "sha512-lyuxPGr/Wfhrlem2CL/UcnUc1zcqKAImBDzukY7Y5F/yQiNdko6+fRLevlw1HgMySw7f611UIY408EtxRSoK3Q==",
      "dependencies": {
        "js-tokens": "^3.0.0 || ^4.0.0"
      },
      "bin": {
        "loose-envify": "cli.js"
      }
    },
    "node_modules/prettierr": {
      "version": "1.15.3-dev",
      "resolved": "https://registry.npmjs.org/prettierr/-/prettierr-1.15.3-dev.tgz",
      "integrity": "sha512-ezeRDKwuf/biKFdQSOZ+mIKd9WzPGm+GhwO0KdUh5U+IzA4mxesU89OJRTHkCBMpFycYkL0QMPHbSdI1IwAgUw==",
      "bin": {
        "prettierr": "bin-prettier.js"
      },
      "engines": {
        "node": ">=4"
      }
    },
    "node_modules/react": {
      "version": "18.2.0",
      "resolved": "https://registry.npmjs.org/react/-/react-18.2.0.tgz",
      "integrity": "sha512-/3IjMdb2L9QbBdWiW5e3P2/npwMBaU9mHCSCUzNln0ZCYbcfTsGbTJrU/kGemdH2IWmB2ioZ+zkxtmq6g09fGQ==",
      "dependencies": {
        "loose-envify": "^1.1.0"
      },
      "engines": {
        "node": ">=0.10.0"
      }
    }
  },
  "dependencies": {
    "dom-react": {
      "version": "2.2.1",
      "resolved": "https://registry.npmjs.org/dom-react/-/dom-react-2.2.1.tgz",
      "integrity": "sha512-kqvoG+Q5oiJMQzQi245ZVA/X2Py2lBCebGcQzQeR51jOJqVghWBodKoJcitX8VRV+e6ku+9hRS+Bev/zmlSPsg=="
    },
    "js-tokens": {
      "version": "4.0.0",
      "resolved": "https://registry.npmjs.org/js-tokens/-/js-tokens-4.0.0.tgz",
      "integrity": "sha512-RdJUflcE3cUzKiMqQgsCu06FPu9UdIJO0beYbPhHN4k6apgJtifcoCtT9bcxOpYBtpD2kCM6Sbzg4CausW/PKQ=="
    },
    "loose-envify": {
      "version": "1.4.0",
      "resolved": "https://registry.npmjs.org/loose-envify/-/loose-envify-1.4.0.tgz",
      "integrity": "sha512-lyuxPGr/Wfhrlem2CL/UcnUc1zcqKAImBDzukY7Y5F/yQiNdko6+fRLevlw1HgMySw7f611UIY408EtxRSoK3Q==",
      "requires": {
        "js-tokens": "^3.0.0 || ^4.0.0"
      }
    },
    "prettierr": {
      "version": "1.15.3-dev",
      "resolved": "https://registry.npmjs.org/prettierr/-/prettierr-1.15.3-dev.tgz",
      "integrity": "sha512-ezeRDKwuf/biKFdQSOZ+mIKd9WzPGm+GhwO0KdUh5U+IzA4mxesU89OJRTHkCBMpFycYkL0QMPHbSdI1IwAgUw=="
    },
    "react": {
      "version": "18.2.0",
      "resolved": "https://registry.npmjs.org/react/-/react-18.2.0.tgz",
      "integrity": "sha512-/3IjMdb2L9QbBdWiW5e3P2/npwMBaU9mHCSCUzNln0ZCYbcfTsGbTJrU/kGemdH2IWmB2ioZ+zkxtmq6g09fGQ==",
      "requires": {
        "loose-envify": "^1.1.0"
      }
    }
  }
}
